{
  "name": "wave",
  "lockfileVersion": 2,
  "requires": true,
  "packages": {
    "": {
      "devDependencies": {
        "prettier-plugin-blade": "^2.1.19"
      },
      "engines": {
        "node": "17.x"
      }
    },
    "node_modules/prettier-plugin-blade": {
      "version": "2.1.19",
      "resolved": "https://registry.npmjs.org/prettier-plugin-blade/-/prettier-plugin-blade-2.1.19.tgz",
      "integrity": "sha512-bLOrrZmWYZe9IN0EkMUESgOLExCKGJYOgUr+ZOxaOujUK0rirxTPiUYI4wnDZZfX2sI9MHaHCeKTlRnNmiRhAQ==",
      "dev": true,
      "engines": {
        "node": ">=12.0.0"
      },
      "peerDependencies": {
        "prettier": ">=3"
      }
    }
  },
  "dependencies": {
    "prettier-plugin-blade": {
      "version": "2.1.19",
      "resolved": "https://registry.npmjs.org/prettier-plugin-blade/-/prettier-plugin-blade-2.1.19.tgz",
      "integrity": "sha512-bLOrrZmWYZe9IN0EkMUESgOLExCKGJYOgUr+ZOxaOujUK0rirxTPiUYI4wnDZZfX2sI9MHaHCeKTlRnNmiRhAQ==",
      "dev": true
    }
  }
}
